// !$*UTF8*$!
{
	archiveVersion = 1;
	classes = {
	};
	objectVersion = 56;
	objects = {

/* Begin PBXBuildFile section */
		201D52432B1F19ED006F9C64 /* ButtonColorViewController.swift in Sources */ = {isa = PBXBuildFile; fileRef = 201D52422B1F19ED006F9C64 /* ButtonColorViewController.swift */; };
		202EDFDC2B5FBE4100010CDF /* GetMeritViewController.swift in Sources */ = {isa = PBXBuildFile; fileRef = 202EDFDB2B5FBE4100010CDF /* GetMeritViewController.swift */; };
		202EDFDE2B5FBF9000010CDF /* ButtonColor.swift in Sources */ = {isa = PBXBuildFile; fileRef = 202EDFDD2B5FBF9000010CDF /* ButtonColor.swift */; };
		2043521B2B1CA87000C3DD80 /* bellSound.mp3 in Resources */ = {isa = PBXBuildFile; fileRef = 204352192B1CA87000C3DD80 /* bellSound.mp3 */; };
		2043521C2B1CA87100C3DD80 /* muyuSound.mp3 in Resources */ = {isa = PBXBuildFile; fileRef = 2043521A2B1CA87000C3DD80 /* muyuSound.mp3 */; };
		206AFD042B1888A600B1C35E /* backgroundmusic.mp3 in Resources */ = {isa = PBXBuildFile; fileRef = 206AFD032B1888A600B1C35E /* backgroundmusic.mp3 */; };
		207EA64C2B172E080090CE04 /* AppDelegate.swift in Sources */ = {isa = PBXBuildFile; fileRef = 207EA64B2B172E080090CE04 /* AppDelegate.swift */; };
		207EA64E2B172E080090CE04 /* SceneDelegate.swift in Sources */ = {isa = PBXBuildFile; fileRef = 207EA64D2B172E080090CE04 /* SceneDelegate.swift */; };
		207EA6532B172E080090CE04 /* Main.storyboard in Resources */ = {isa = PBXBuildFile; fileRef = 207EA6512B172E080090CE04 /* Main.storyboard */; };
		207EA6552B172E0A0090CE04 /* Assets.xcassets in Resources */ = {isa = PBXBuildFile; fileRef = 207EA6542B172E0A0090CE04 /* Assets.xcassets */; };
		207EA6582B172E0A0090CE04 /* LaunchScreen.storyboard in Resources */ = {isa = PBXBuildFile; fileRef = 207EA6562B172E0A0090CE04 /* LaunchScreen.storyboard */; };
/* End PBXBuildFile section */

/* Begin PBXFileReference section */
		201D52422B1F19ED006F9C64 /* ButtonColorViewController.swift */ = {isa = PBXFileReference; lastKnownFileType = sourcecode.swift; path = ButtonColorViewController.swift; sourceTree = "<group>"; };
		202EDFDB2B5FBE4100010CDF /* GetMeritViewController.swift */ = {isa = PBXFileReference; lastKnownFileType = sourcecode.swift; path = GetMeritViewController.swift; sourceTree = "<group>"; };
		202EDFDD2B5FBF9000010CDF /* ButtonColor.swift */ = {isa = PBXFileReference; lastKnownFileType = sourcecode.swift; path = ButtonColor.swift; sourceTree = "<group>"; };
		204352192B1CA87000C3DD80 /* bellSound.mp3 */ = {isa = PBXFileReference; lastKnownFileType = audio.mp3; path = bellSound.mp3; sourceTree = SOURCE_ROOT; };
		2043521A2B1CA87000C3DD80 /* muyuSound.mp3 */ = {isa = PBXFileReference; lastKnownFileType = audio.mp3; path = muyuSound.mp3; sourceTree = SOURCE_ROOT; };
		206AFD032B1888A600B1C35E /* backgroundmusic.mp3 */ = {isa = PBXFileReference; lastKnownFileType = audio.mp3; path = backgroundmusic.mp3; sourceTree = SOURCE_ROOT; };
		207EA6482B172E080090CE04 /* GetMerit.app */ = {isa = PBXFileReference; explicitFileType = wrapper.application; includeInIndex = 0; path = GetMerit.app; sourceTree = BUILT_PRODUCTS_DIR; };
		207EA64B2B172E080090CE04 /* AppDelegate.swift */ = {isa = PBXFileReference; lastKnownFileType = sourcecode.swift; path = AppDelegate.swift; sourceTree = "<group>"; };
		207EA64D2B172E080090CE04 /* SceneDelegate.swift */ = {isa = PBXFileReference; lastKnownFileType = sourcecode.swift; path = SceneDelegate.swift; sourceTree = "<group>"; };
		207EA6522B172E080090CE04 /* Base */ = {isa = PBXFileReference; lastKnownFileType = file.storyboard; name = Base; path = Base.lproj/Main.storyboard; sourceTree = "<group>"; };
		207EA6542B172E0A0090CE04 /* Assets.xcassets */ = {isa = PBXFileReference; lastKnownFileType = folder.assetcatalog; path = Assets.xcassets; sourceTree = "<group>"; };
		207EA6572B172E0A0090CE04 /* Base */ = {isa = PBXFileReference; lastKnownFileType = file.storyboard; name = Base; path = Base.lproj/LaunchScreen.storyboard; sourceTree = "<group>"; };
		207EA6592B172E0A0090CE04 /* Info.plist */ = {isa = PBXFileReference; lastKnownFileType = text.plist.xml; path = Info.plist; sourceTree = "<group>"; };
/* End PBXFileReference section */

/* Begin PBXFrameworksBuildPhase section */
		207EA6452B172E080090CE04 /* Frameworks */ = {
			isa = PBXFrameworksBuildPhase;
			buildActionMask = 2147483647;
			files = (
			);
			runOnlyForDeploymentPostprocessing = 0;
		};
/* End PBXFrameworksBuildPhase section */

/* Begin PBXGroup section */
		207EA63F2B172E080090CE04 = {
			isa = PBXGroup;
			children = (
				207EA64A2B172E080090CE04 /* GetMerit */,
				207EA6492B172E080090CE04 /* Products */,
			);
			sourceTree = "<group>";
		};
		207EA6492B172E080090CE04 /* Products */ = {
			isa = PBXGroup;
			children = (
				207EA6482B172E080090CE04 /* GetMerit.app */,
			);
			name = Products;
			sourceTree = "<group>";
		};
		207EA64A2B172E080090CE04 /* GetMerit */ = {
			isa = PBXGroup;
			children = (
				207EA64B2B172E080090CE04 /* AppDelegate.swift */,
				207EA64D2B172E080090CE04 /* SceneDelegate.swift */,
				201D52422B1F19ED006F9C64 /* ButtonColorViewController.swift */,
				202EDFDB2B5FBE4100010CDF /* GetMeritViewController.swift */,
				207EA6512B172E080090CE04 /* Main.storyboard */,
				202EDFDD2B5FBF9000010CDF /* ButtonColor.swift */,
				207EA6542B172E0A0090CE04 /* Assets.xcassets */,
				207EA6562B172E0A0090CE04 /* LaunchScreen.storyboard */,
				207EA6592B172E0A0090CE04 /* Info.plist */,
				206AFD032B1888A600B1C35E /* backgroundmusic.mp3 */,
				204352192B1CA87000C3DD80 /* bellSound.mp3 */,
				2043521A2B1CA87000C3DD80 /* muyuSound.mp3 */,
			);
			path = GetMerit;
			sourceTree = "<group>";
		};
/* End PBXGroup section */

/* Begin PBXNativeTarget section */
		207EA6472B172E080090CE04 /* GetMerit */ = {
			isa = PBXNativeTarget;
			buildConfigurationList = 207EA65C2B172E0A0090CE04 /* Build configuration list for PBXNativeTarget "GetMerit" */;
			buildPhases = (
				207EA6442B172E080090CE04 /* Sources */,
				207EA6452B172E080090CE04 /* Frameworks */,
				207EA6462B172E080090CE04 /* Resources */,
			);
			buildRules = (
			);
			dependencies = (
			);
			name = GetMerit;
			productName = GetMerit;
			productReference = 207EA6482B172E080090CE04 /* GetMerit.app */;
			productType = "com.apple.product-type.application";
		};
/* End PBXNativeTarget section */

/* Begin PBXProject section */
		207EA6402B172E080090CE04 /* Project object */ = {
			isa = PBXProject;
			attributes = {
				BuildIndependentTargetsInParallel = 1;
				LastSwiftUpdateCheck = 1420;
				LastUpgradeCheck = 1420;
				TargetAttributes = {
					207EA6472B172E080090CE04 = {
						CreatedOnToolsVersion = 14.2;
					};
				};
			};
			buildConfigurationList = 207EA6432B172E080090CE04 /* Build configuration list for PBXProject "GetMerit" */;
			compatibilityVersion = "Xcode 14.0";
			developmentRegion = en;
			hasScannedForEncodings = 0;
			knownRegions = (
				en,
				Base,
			);
			mainGroup = 207EA63F2B172E080090CE04;
			productRefGroup = 207EA6492B172E080090CE04 /* Products */;
			projectDirPath = "";
			projectRoot = "";
			targets = (
				207EA6472B172E080090CE04 /* GetMerit */,
			);
		};
/* End PBXProject section */

/* Begin PBXResourcesBuildPhase section */
		207EA6462B172E080090CE04 /* Resources */ = {
			isa = PBXResourcesBuildPhase;
			buildActionMask = 2147483647;
			files = (
				207EA6582B172E0A0090CE04 /* LaunchScreen.storyboard in Resources */,
				207EA6552B172E0A0090CE04 /* Assets.xcassets in Resources */,
				2043521B2B1CA87000C3DD80 /* bellSound.mp3 in Resources */,
				2043521C2B1CA87100C3DD80 /* muyuSound.mp3 in Resources */,
				206AFD042B1888A600B1C35E /* backgroundmusic.mp3 in Resources */,
				207EA6532B172E080090CE04 /* Main.storyboard in Resources */,
			);
			runOnlyForDeploymentPostprocessing = 0;
		};
/* End PBXResourcesBuildPhase section */

/* Begin PBXSourcesBuildPhase section */
		207EA6442B172E080090CE04 /* Sources */ = {
			isa = PBXSourcesBuildPhase;
			buildActionMask = 2147483647;
			files = (
				202EDFDE2B5FBF9000010CDF /* ButtonColor.swift in Sources */,
				201D52432B1F19ED006F9C64 /* ButtonColorViewController.swift in Sources */,
				202EDFDC2B5FBE4100010CDF /* GetMeritViewController.swift in Sources */,
				207EA64C2B172E080090CE04 /* AppDelegate.swift in Sources */,
				207EA64E2B172E080090CE04 /* SceneDelegate.swift in Sources */,
			);
			runOnlyForDeploymentPostprocessing = 0;
		};
/* End PBXSourcesBuildPhase section */

/* Begin PBXVariantGroup section */
		207EA6512B172E080090CE04 /* Main.storyboard */ = {
			isa = PBXVariantGroup;
			children = (
				207EA6522B172E080090CE04 /* Base */,
			);
			name = Main.storyboard;
			sourceTree = "<group>";
		};
		207EA6562B172E0A0090CE04 /* LaunchScreen.storyboard */ = {
			isa = PBXVariantGroup;
			children = (
				207EA6572B172E0A0090CE04 /* Base */,
			);
			name = LaunchScreen.storyboard;
			sourceTree = "<group>";
		};
/* End PBXVariantGroup section */

/* Begin XCBuildConfiguration section */
		207EA65A2B172E0A0090CE04 /* Debug */ = {
			isa = XCBuildConfiguration;
			buildSettings = {
				ALWAYS_SEARCH_USER_PATHS = NO;
				CLANG_ANALYZER_NONNULL = YES;
				CLANG_ANALYZER_NUMBER_OBJECT_CONVERSION = YES_AGGRESSIVE;
				CLANG_CXX_LANGUAGE_STANDARD = "gnu++20";
				CLANG_ENABLE_MODULES = YES;
				CLANG_ENABLE_OBJC_ARC = YES;
				CLANG_ENABLE_OBJC_WEAK = YES;
				CLANG_WARN_BLOCK_CAPTURE_AUTORELEASING = YES;
				CLANG_WARN_BOOL_CONVERSION = YES;
				CLANG_WARN_COMMA = YES;
				CLANG_WARN_CONSTANT_CONVERSION = YES;
				CLANG_WARN_DEPRECATED_OBJC_IMPLEMENTATIONS = YES;
				CLANG_WARN_DIRECT_OBJC_ISA_USAGE = YES_ERROR;
				CLANG_WARN_DOCUMENTATION_COMMENTS = YES;
				CLANG_WARN_EMPTY_BODY = YES;
				CLANG_WARN_ENUM_CONVERSION = YES;
				CLANG_WARN_INFINITE_RECURSION = YES;
				CLANG_WARN_INT_CONVERSION = YES;
				CLANG_WARN_NON_LITERAL_NULL_CONVERSION = YES;
				CLANG_WARN_OBJC_IMPLICIT_RETAIN_SELF = YES;
				CLANG_WARN_OBJC_LITERAL_CONVERSION = YES;
				CLANG_WARN_OBJC_ROOT_CLASS = YES_ERROR;
				CLANG_WARN_QUOTED_INCLUDE_IN_FRAMEWORK_HEADER = YES;
				CLANG_WARN_RANGE_LOOP_ANALYSIS = YES;
				CLANG_WARN_STRICT_PROTOTYPES = YES;
				CLANG_WARN_SUSPICIOUS_MOVE = YES;
				CLANG_WARN_UNGUARDED_AVAILABILITY = YES_AGGRESSIVE;
				CLANG_WARN_UNREACHABLE_CODE = YES;
				CLANG_WARN__DUPLICATE_METHOD_MATCH = YES;
				COPY_PHASE_STRIP = NO;
				DEBUG_INFORMATION_FORMAT = dwarf;
				ENABLE_STRICT_OBJC_MSGSEND = YES;
				ENABLE_TESTABILITY = YES;
				GCC_C_LANGUAGE_STANDARD = gnu11;
				GCC_DYNAMIC_NO_PIC = NO;
				GCC_NO_COMMON_BLOCKS = YES;
				GCC_OPTIMIZATION_LEVEL = 0;
				GCC_PREPROCESSOR_DEFINITIONS = (
					"DEBUG=1",
					"$(inherited)",
				);
				GCC_WARN_64_TO_32_BIT_CONVERSION = YES;
				GCC_WARN_ABOUT_RETURN_TYPE = YES_ERROR;
				GCC_WARN_UNDECLARED_SELECTOR = YES;
				GCC_WARN_UNINITIALIZED_AUTOS = YES_AGGRESSIVE;
				GCC_WARN_UNUSED_FUNCTION = YES;
				GCC_WARN_UNUSED_VARIABLE = YES;
				IPHONEOS_DEPLOYMENT_TARGET = 13.5;
				MTL_ENABLE_DEBUG_INFO = INCLUDE_SOURCE;
				MTL_FAST_MATH = YES;
				ONLY_ACTIVE_ARCH = YES;
				SDKROOT = iphoneos;
				SWIFT_ACTIVE_COMPILATION_CONDITIONS = DEBUG;
				SWIFT_OPTIMIZATION_LEVEL = "-Onone";
			};
			name = Debug;
		};
		207EA65B2B172E0A0090CE04 /* Release */ = {
			isa = XCBuildConfiguration;
			buildSettings = {
				ALWAYS_SEARCH_USER_PATHS = NO;
				CLANG_ANALYZER_NONNULL = YES;
				CLANG_ANALYZER_NUMBER_OBJECT_CONVERSION = YES_AGGRESSIVE;
				CLANG_CXX_LANGUAGE_STANDARD = "gnu++20";
				CLANG_ENABLE_MODULES = YES;
				CLANG_ENABLE_OBJC_ARC = YES;
				CLANG_ENABLE_OBJC_WEAK = YES;
				CLANG_WARN_BLOCK_CAPTURE_AUTORELEASING = YES;
				CLANG_WARN_BOOL_CONVERSION = YES;
				CLANG_WARN_COMMA = YES;
				CLANG_WARN_CONSTANT_CONVERSION = YES;
				CLANG_WARN_DEPRECATED_OBJC_IMPLEMENTATIONS = YES;
				CLANG_WARN_DIRECT_OBJC_ISA_USAGE = YES_ERROR;
				CLANG_WARN_DOCUMENTATION_COMMENTS = YES;
				CLANG_WARN_EMPTY_BODY = YES;
				CLANG_WARN_ENUM_CONVERSION = YES;
				CLANG_WARN_INFINITE_RECURSION = YES;
				CLANG_WARN_INT_CONVERSION = YES;
				CLANG_WARN_NON_LITERAL_NULL_CONVERSION = YES;
				CLANG_WARN_OBJC_IMPLICIT_RETAIN_SELF = YES;
				CLANG_WARN_OBJC_LITERAL_CONVERSION = YES;
				CLANG_WARN_OBJC_ROOT_CLASS = YES_ERROR;
				CLANG_WARN_QUOTED_INCLUDE_IN_FRAMEWORK_HEADER = YES;
				CLANG_WARN_RANGE_LOOP_ANALYSIS = YES;
				CLANG_WARN_STRICT_PROTOTYPES = YES;
				CLANG_WARN_SUSPICIOUS_MOVE = YES;
				CLANG_WARN_UNGUARDED_AVAILABILITY = YES_AGGRESSIVE;
				CLANG_WARN_UNREACHABLE_CODE = YES;
				CLANG_WARN__DUPLICATE_METHOD_MATCH = YES;
				COPY_PHASE_STRIP = NO;
				DEBUG_INFORMATION_FORMAT = "dwarf-with-dsym";
				ENABLE_NS_ASSERTIONS = NO;
				ENABLE_STRICT_OBJC_MSGSEND = YES;
				GCC_C_LANGUAGE_STANDARD = gnu11;
				GCC_NO_COMMON_BLOCKS = YES;
				GCC_WARN_64_TO_32_BIT_CONVERSION = YES;
				GCC_WARN_ABOUT_RETURN_TYPE = YES_ERROR;
				GCC_WARN_UNDECLARED_SELECTOR = YES;
				GCC_WARN_UNINITIALIZED_AUTOS = YES_AGGRESSIVE;
				GCC_WARN_UNUSED_FUNCTION = YES;
				GCC_WARN_UNUSED_VARIABLE = YES;
				IPHONEOS_DEPLOYMENT_TARGET = 13.5;
				MTL_ENABLE_DEBUG_INFO = NO;
				MTL_FAST_MATH = YES;
				SDKROOT = iphoneos;
				SWIFT_COMPILATION_MODE = wholemodule;
				SWIFT_OPTIMIZATION_LEVEL = "-O";
				VALIDATE_PRODUCT = YES;
			};
			name = Release;
		};
		207EA65D2B172E0A0090CE04 /* Debug */ = {
			isa = XCBuildConfiguration;
			buildSettings = {
				ASSETCATALOG_COMPILER_APPICON_NAME = AppIcon;
				ASSETCATALOG_COMPILER_GLOBAL_ACCENT_COLOR_NAME = AccentColor;
				CODE_SIGN_STYLE = Automatic;
				CURRENT_PROJECT_VERSION = 1;
				DEVELOPMENT_TEAM = 875HDC4R7F;
				GENERATE_INFOPLIST_FILE = YES;
				INFOPLIST_FILE = GetMerit/Info.plist;
				INFOPLIST_KEY_UIApplicationSupportsIndirectInputEvents = YES;
				INFOPLIST_KEY_UILaunchStoryboardName = LaunchScreen;
				INFOPLIST_KEY_UIMainStoryboardFile = Main;
				INFOPLIST_KEY_UISupportedInterfaceOrientations_iPad = "UIInterfaceOrientationPortrait UIInterfaceOrientationPortraitUpsideDown UIInterfaceOrientationLandscapeLeft UIInterfaceOrientationLandscapeRight";
				INFOPLIST_KEY_UISupportedInterfaceOrientations_iPhone = "UIInterfaceOrientationPortrait UIInterfaceOrientationLandscapeLeft UIInterfaceOrientationLandscapeRight";
				IPHONEOS_DEPLOYMENT_TARGET = 13.5;
				LD_RUNPATH_SEARCH_PATHS = (
					"$(inherited)",
					"@executable_path/Frameworks",
				);
				MARKETING_VERSION = 1.0;
				PRODUCT_BUNDLE_IDENTIFIER = com.appcoda.GetMerit;
				PRODUCT_NAME = "$(TARGET_NAME)";
				SWIFT_EMIT_LOC_STRINGS = YES;
				SWIFT_VERSION = 5.0;
				TARGETED_DEVICE_FAMILY = "1,2";
			};
			name = Debug;
		};
		207EA65E2B172E0A0090CE04 /* Release */ = {
			isa = XCBuildConfiguration;
			buildSettings = {
				ASSETCATALOG_COMPILER_APPICON_NAME = AppIcon;
				ASSETCATALOG_COMPILER_GLOBAL_ACCENT_COLOR_NAME = AccentColor;
				CODE_SIGN_STYLE = Automatic;
				CURRENT_PROJECT_VERSION = 1;
				DEVELOPMENT_TEAM = 875HDC4R7F;
				GENERATE_INFOPLIST_FILE = YES;
				INFOPLIST_FILE = GetMerit/Info.plist;
				INFOPLIST_KEY_UIApplicationSupportsIndirectInputEvents = YES;
				INFOPLIST_KEY_UILaunchStoryboardName = LaunchScreen;
				INFOPLIST_KEY_UIMainStoryboardFile = Main;
				INFOPLIST_KEY_UISupportedInterfaceOrientations_iPad = "UIInterfaceOrientationPortrait UIInterfaceOrientationPortraitUpsideDown UIInterfaceOrientationLandscapeLeft UIInterfaceOrientationLandscapeRight";
				INFOPLIST_KEY_UISupportedInterfaceOrientations_iPhone = "UIInterfaceOrientationPortrait UIInterfaceOrientationLandscapeLeft UIInterfaceOrientationLandscapeRight";
				IPHONEOS_DEPLOYMENT_TARGET = 13.5;
				LD_RUNPATH_SEARCH_PATHS = (
					"$(inherited)",
					"@executable_path/Frameworks",
				);
				MARKETING_VERSION = 1.0;
				PRODUCT_BUNDLE_IDENTIFIER = com.appcoda.GetMerit;
				PRODUCT_NAME = "$(TARGET_NAME)";
				SWIFT_EMIT_LOC_STRINGS = YES;
				SWIFT_VERSION = 5.0;
				TARGETED_DEVICE_FAMILY = "1,2";
			};
			name = Release;
		};
/* End XCBuildConfiguration section */

/* Begin XCConfigurationList section */
		207EA6432B172E080090CE04 /* Build configuration list for PBXProject "GetMerit" */ = {
			isa = XCConfigurationList;
			buildConfigurations = (
				207EA65A2B172E0A0090CE04 /* Debug */,
				207EA65B2B172E0A0090CE04 /* Release */,
			);
			defaultConfigurationIsVisible = 0;
			defaultConfigurationName = Release;
		};
		207EA65C2B172E0A0090CE04 /* Build configuration list for PBXNativeTarget "GetMerit" */ = {
			isa = XCConfigurationList;
			buildConfigurations = (
				207EA65D2B172E0A0090CE04 /* Debug */,
				207EA65E2B172E0A0090CE04 /* Release */,
			);
			defaultConfigurationIsVisible = 0;
			defaultConfigurationName = Release;
		};
/* End XCConfigurationList section */
	};
	rootObject = 207EA6402B172E080090CE04 /* Project object */;
}
